
Microsoft Visual Studio Solution File, Format Version 12.00
# Visual Studio Version 16
VisualStudioVersion = 16.0.30611.23
MinimumVisualStudioVersion = 10.0.40219.1
Project("{FAE04EC0-301F-11D3-BF4B-00C04F79EFBC}") = "Calculator", "Calculator\Calculator.csproj", "{83DE0A48-3046-4677-870B-3813685D66B7}"
EndProject
Project("{FAE04EC0-301F-11D3-BF4B-00C04F79EFBC}") = "Functions", "Functions\Functions.csproj", "{84886FCB-8A01-4100-BCDE-D4E071C5C9FE}"
EndProject
Project("{FAE04EC0-301F-11D3-BF4B-00C04F79EFBC}") = "BiggestNumber", "BiggestNumber\BiggestNumber.csproj", "{078A1BC7-51D1-4DA4-BD03-7B02EC2AE9DB}"
EndProject
Project("{FAE04EC0-301F-11D3-BF4B-00C04F79EFBC}") = "Pythagoras-Table", "Pythagoras-Table\Pythagoras-Table.csproj", "{3817B0E5-320A-4CF8-8C66-2CD98AA5A4CA}"
EndProject
Project("{FAE04EC0-301F-11D3-BF4B-00C04F79EFBC}") = "Factorial", "Factorial\Factorial.csproj", "{9FBDB3FC-98AF-4EB3-8141-0BBBC8812B7E}"
EndProject
Project("{FAE04EC0-301F-11D3-BF4B-00C04F79EFBC}") = "Fibonacci", "Fibonacci\Fibonacci.csproj", "{E289D9AE-3A5C-486F-A419-C2C0C576A8AF}"
EndProject
Project("{FAE04EC0-301F-11D3-BF4B-00C04F79EFBC}") = "Loops", "Loops\Loops.csproj", "{6EC52A24-3CC1-408E-ACCB-43F407B22A5F}"
EndProject
Project("{FAE04EC0-301F-11D3-BF4B-00C04F79EFBC}") = "PrimeNumbers", "PrimeNumbers\PrimeNumbers.csproj", "{803AC5C2-7FBE-4CA5-A37C-7BAA05BC6B5C}"
EndProject
Project("{FAE04EC0-301F-11D3-BF4B-00C04F79EFBC}") = "01-ArrCreate", "01-ArrCreate\01-ArrCreate.csproj", "{3FD0AC2F-2CFA-40E8-A1E4-E48107B9B73F}"
EndProject
Project("{FAE04EC0-301F-11D3-BF4B-00C04F79EFBC}") = "02-ArrAddElement", "02-ArrAddElement\02-ArrAddElement.csproj", "{0599E5DD-3862-4452-8AEA-FABA3B0CCD9A}"
EndProject
Project("{FAE04EC0-301F-11D3-BF4B-00C04F79EFBC}") = "03-ArrReverse", "03-ArrReverse\03-ArrReverse.csproj", "{2F2FBE77-291A-440D-9873-96A1B83E13F0}"
EndProject
Project("{FAE04EC0-301F-11D3-BF4B-00C04F79EFBC}") = "04-ArrSort", "04-ArrSort\04-ArrSort.csproj", "{F71DECFA-6EA5-4F5E-83D8-D6C677CB1993}"
EndProject
Project("{FAE04EC0-301F-11D3-BF4B-00C04F79EFBC}") = "05-ArrElementIndex", "05-ArrElementIndex\05-ArrElementIndex.csproj", "{28405AD9-FD6E-460E-B2C4-F3002490A50C}"
EndProject
Project("{FAE04EC0-301F-11D3-BF4B-00C04F79EFBC}") = "06-ArrBinarySearch", "06-ArrBinarySearch\06-ArrBinarySearch.csproj", "{3505F5AF-F60A-4EA3-9EFB-824FDB414B64}"
EndProject
Global
	GlobalSection(SolutionConfigurationPlatforms) = preSolution
		Debug|Any CPU = Debug|Any CPU
		Release|Any CPU = Release|Any CPU
	EndGlobalSection
	GlobalSection(ProjectConfigurationPlatforms) = postSolution
		{83DE0A48-3046-4677-870B-3813685D66B7}.Debug|Any CPU.ActiveCfg = Debug|Any CPU
		{83DE0A48-3046-4677-870B-3813685D66B7}.Debug|Any CPU.Build.0 = Debug|Any CPU
		{83DE0A48-3046-4677-870B-3813685D66B7}.Release|Any CPU.ActiveCfg = Release|Any CPU
		{83DE0A48-3046-4677-870B-3813685D66B7}.Release|Any CPU.Build.0 = Release|Any CPU
		{84886FCB-8A01-4100-BCDE-D4E071C5C9FE}.Debug|Any CPU.ActiveCfg = Debug|Any CPU
		{84886FCB-8A01-4100-BCDE-D4E071C5C9FE}.Debug|Any CPU.Build.0 = Debug|Any CPU
		{84886FCB-8A01-4100-BCDE-D4E071C5C9FE}.Release|Any CPU.ActiveCfg = Release|Any CPU
		{84886FCB-8A01-4100-BCDE-D4E071C5C9FE}.Release|Any CPU.Build.0 = Release|Any CPU
		{078A1BC7-51D1-4DA4-BD03-7B02EC2AE9DB}.Debug|Any CPU.ActiveCfg = Debug|Any CPU
		{078A1BC7-51D1-4DA4-BD03-7B02EC2AE9DB}.Debug|Any CPU.Build.0 = Debug|Any CPU
		{078A1BC7-51D1-4DA4-BD03-7B02EC2AE9DB}.Release|Any CPU.ActiveCfg = Release|Any CPU
		{078A1BC7-51D1-4DA4-BD03-7B02EC2AE9DB}.Release|Any CPU.Build.0 = Release|Any CPU
		{3817B0E5-320A-4CF8-8C66-2CD98AA5A4CA}.Debug|Any CPU.ActiveCfg = Debug|Any CPU
		{3817B0E5-320A-4CF8-8C66-2CD98AA5A4CA}.Debug|Any CPU.Build.0 = Debug|Any CPU
		{3817B0E5-320A-4CF8-8C66-2CD98AA5A4CA}.Release|Any CPU.ActiveCfg = Release|Any CPU
		{3817B0E5-320A-4CF8-8C66-2CD98AA5A4CA}.Release|Any CPU.Build.0 = Release|Any CPU
		{9FBDB3FC-98AF-4EB3-8141-0BBBC8812B7E}.Debug|Any CPU.ActiveCfg = Debug|Any CPU
		{9FBDB3FC-98AF-4EB3-8141-0BBBC8812B7E}.Debug|Any CPU.Build.0 = Debug|Any CPU
		{9FBDB3FC-98AF-4EB3-8141-0BBBC8812B7E}.Release|Any CPU.ActiveCfg = Release|Any CPU
		{9FBDB3FC-98AF-4EB3-8141-0BBBC8812B7E}.Release|Any CPU.Build.0 = Release|Any CPU
		{E289D9AE-3A5C-486F-A419-C2C0C576A8AF}.Debug|Any CPU.ActiveCfg = Debug|Any CPU
		{E289D9AE-3A5C-486F-A419-C2C0C576A8AF}.Debug|Any CPU.Build.0 = Debug|Any CPU
		{E289D9AE-3A5C-486F-A419-C2C0C576A8AF}.Release|Any CPU.ActiveCfg = Release|Any CPU
		{E289D9AE-3A5C-486F-A419-C2C0C576A8AF}.Release|Any CPU.Build.0 = Release|Any CPU
		{6EC52A24-3CC1-408E-ACCB-43F407B22A5F}.Debug|Any CPU.ActiveCfg = Debug|Any CPU
		{6EC52A24-3CC1-408E-ACCB-43F407B22A5F}.Debug|Any CPU.Build.0 = Debug|Any CPU
		{6EC52A24-3CC1-408E-ACCB-43F407B22A5F}.Release|Any CPU.ActiveCfg = Release|Any CPU
		{6EC52A24-3CC1-408E-ACCB-43F407B22A5F}.Release|Any CPU.Build.0 = Release|Any CPU
		{803AC5C2-7FBE-4CA5-A37C-7BAA05BC6B5C}.Debug|Any CPU.ActiveCfg = Debug|Any CPU
		{803AC5C2-7FBE-4CA5-A37C-7BAA05BC6B5C}.Debug|Any CPU.Build.0 = Debug|Any CPU
		{803AC5C2-7FBE-4CA5-A37C-7BAA05BC6B5C}.Release|Any CPU.ActiveCfg = Release|Any CPU
		{803AC5C2-7FBE-4CA5-A37C-7BAA05BC6B5C}.Release|Any CPU.Build.0 = Release|Any CPU
		{3FD0AC2F-2CFA-40E8-A1E4-E48107B9B73F}.Debug|Any CPU.ActiveCfg = Debug|Any CPU
		{3FD0AC2F-2CFA-40E8-A1E4-E48107B9B73F}.Debug|Any CPU.Build.0 = Debug|Any CPU
		{3FD0AC2F-2CFA-40E8-A1E4-E48107B9B73F}.Release|Any CPU.ActiveCfg = Release|Any CPU
		{3FD0AC2F-2CFA-40E8-A1E4-E48107B9B73F}.Release|Any CPU.Build.0 = Release|Any CPU
		{0599E5DD-3862-4452-8AEA-FABA3B0CCD9A}.Debug|Any CPU.ActiveCfg = Debug|Any CPU
		{0599E5DD-3862-4452-8AEA-FABA3B0CCD9A}.Debug|Any CPU.Build.0 = Debug|Any CPU
		{0599E5DD-3862-4452-8AEA-FABA3B0CCD9A}.Release|Any CPU.ActiveCfg = Release|Any CPU
		{0599E5DD-3862-4452-8AEA-FABA3B0CCD9A}.Release|Any CPU.Build.0 = Release|Any CPU
		{2F2FBE77-291A-440D-9873-96A1B83E13F0}.Debug|Any CPU.ActiveCfg = Debug|Any CPU
		{2F2FBE77-291A-440D-9873-96A1B83E13F0}.Debug|Any CPU.Build.0 = Debug|Any CPU
		{2F2FBE77-291A-440D-9873-96A1B83E13F0}.Release|Any CPU.ActiveCfg = Release|Any CPU
		{2F2FBE77-291A-440D-9873-96A1B83E13F0}.Release|Any CPU.Build.0 = Release|Any CPU
		{F71DECFA-6EA5-4F5E-83D8-D6C677CB1993}.Debug|Any CPU.ActiveCfg = Debug|Any CPU
		{F71DECFA-6EA5-4F5E-83D8-D6C677CB1993}.Debug|Any CPU.Build.0 = Debug|Any CPU
		{F71DECFA-6EA5-4F5E-83D8-D6C677CB1993}.Release|Any CPU.ActiveCfg = Release|Any CPU
		{F71DECFA-6EA5-4F5E-83D8-D6C677CB1993}.Release|Any CPU.Build.0 = Release|Any CPU
		{28405AD9-FD6E-460E-B2C4-F3002490A50C}.Debug|Any CPU.ActiveCfg = Debug|Any CPU
		{28405AD9-FD6E-460E-B2C4-F3002490A50C}.Debug|Any CPU.Build.0 = Debug|Any CPU
		{28405AD9-FD6E-460E-B2C4-F3002490A50C}.Release|Any CPU.ActiveCfg = Release|Any CPU
		{28405AD9-FD6E-460E-B2C4-F3002490A50C}.Release|Any CPU.Build.0 = Release|Any CPU
		{3505F5AF-F60A-4EA3-9EFB-824FDB414B64}.Debug|Any CPU.ActiveCfg = Debug|Any CPU
		{3505F5AF-F60A-4EA3-9EFB-824FDB414B64}.Debug|Any CPU.Build.0 = Debug|Any CPU
		{3505F5AF-F60A-4EA3-9EFB-824FDB414B64}.Release|Any CPU.ActiveCfg = Release|Any CPU
		{3505F5AF-F60A-4EA3-9EFB-824FDB414B64}.Release|Any CPU.Build.0 = Release|Any CPU
	EndGlobalSection
	GlobalSection(SolutionProperties) = preSolution
		HideSolutionNode = FALSE
	EndGlobalSection
	GlobalSection(ExtensibilityGlobals) = postSolution
		SolutionGuid = {3B20CA6F-1302-41B0-A4DD-B515A0D645D5}
	EndGlobalSection
EndGlobal
